
Microsoft Visual Studio Solution File, Format Version 12.00
# Visual Studio 2012
Project("{FAE04EC0-301F-11D3-BF4B-00C04F79EFBC}") = "FormsPushNotificationSample", "FormsPushNotificationSample\FormsPushNotificationSample.csproj", "{B15232D9-C519-4CCB-A7A2-2F752F440B9A}"
EndProject
Project("{FAE04EC0-301F-11D3-BF4B-00C04F79EFBC}") = "FormsPushNotificationSample.iOS", "iOS\FormsPushNotificationSample.iOS.csproj", "{C0240435-76BF-4BE7-A441-20FC994D61B6}"
EndProject
Project("{FAE04EC0-301F-11D3-BF4B-00C04F79EFBC}") = "FormsPushNotificationSample.Droid", "Droid\FormsPushNotificationSample.Droid.csproj", "{EED262EC-794A-4C71-9393-4428CCA75048}"
EndProject
Global
	GlobalSection(SolutionConfigurationPlatforms) = preSolution
		Debug|Any CPU = Debug|Any CPU
		Release|Any CPU = Release|Any CPU
		Debug|iPhoneSimulator = Debug|iPhoneSimulator
		Release|iPhone = Release|iPhone
		Release|iPhoneSimulator = Release|iPhoneSimulator
		Debug|iPhone = Debug|iPhone
	EndGlobalSection
	GlobalSection(ProjectConfigurationPlatforms) = postSolution
		{B15232D9-C519-4CCB-A7A2-2F752F440B9A}.Debug|Any CPU.ActiveCfg = Debug|Any CPU
		{B15232D9-C519-4CCB-A7A2-2F752F440B9A}.Debug|Any CPU.Build.0 = Debug|Any CPU
		{B15232D9-C519-4CCB-A7A2-2F752F440B9A}.Release|Any CPU.ActiveCfg = Release|Any CPU
		{B15232D9-C519-4CCB-A7A2-2F752F440B9A}.Release|Any CPU.Build.0 = Release|Any CPU
		{B15232D9-C519-4CCB-A7A2-2F752F440B9A}.Debug|iPhoneSimulator.ActiveCfg = Debug|Any CPU
		{B15232D9-C519-4CCB-A7A2-2F752F440B9A}.Debug|iPhoneSimulator.Build.0 = Debug|Any CPU
		{B15232D9-C519-4CCB-A7A2-2F752F440B9A}.Release|iPhone.ActiveCfg = Release|Any CPU
		{B15232D9-C519-4CCB-A7A2-2F752F440B9A}.Release|iPhone.Build.0 = Release|Any CPU
		{B15232D9-C519-4CCB-A7A2-2F752F440B9A}.Release|iPhoneSimulator.ActiveCfg = Release|Any CPU
		{B15232D9-C519-4CCB-A7A2-2F752F440B9A}.Release|iPhoneSimulator.Build.0 = Release|Any CPU
		{B15232D9-C519-4CCB-A7A2-2F752F440B9A}.Debug|iPhone.ActiveCfg = Debug|Any CPU
		{B15232D9-C519-4CCB-A7A2-2F752F440B9A}.Debug|iPhone.Build.0 = Debug|Any CPU
		{C0240435-76BF-4BE7-A441-20FC994D61B6}.Debug|Any CPU.ActiveCfg = Debug|iPhoneSimulator
		{C0240435-76BF-4BE7-A441-20FC994D61B6}.Debug|Any CPU.Build.0 = Debug|iPhoneSimulator
		{C0240435-76BF-4BE7-A441-20FC994D61B6}.Release|Any CPU.ActiveCfg = Release|iPhone
		{C0240435-76BF-4BE7-A441-20FC994D61B6}.Release|Any CPU.Build.0 = Release|iPhone
		{C0240435-76BF-4BE7-A441-20FC994D61B6}.Debug|iPhoneSimulator.ActiveCfg = Debug|iPhoneSimulator
		{C0240435-76BF-4BE7-A441-20FC994D61B6}.Debug|iPhoneSimulator.Build.0 = Debug|iPhoneSimulator
		{C0240435-76BF-4BE7-A441-20FC994D61B6}.Release|iPhone.ActiveCfg = Release|iPhone
		{C0240435-76BF-4BE7-A441-20FC994D61B6}.Release|iPhone.Build.0 = Release|iPhone
		{C0240435-76BF-4BE7-A441-20FC994D61B6}.Release|iPhoneSimulator.ActiveCfg = Release|iPhoneSimulator
		{C0240435-76BF-4BE7-A441-20FC994D61B6}.Release|iPhoneSimulator.Build.0 = Release|iPhoneSimulator
		{C0240435-76BF-4BE7-A441-20FC994D61B6}.Debug|iPhone.ActiveCfg = Debug|iPhone
		{C0240435-76BF-4BE7-A441-20FC994D61B6}.Debug|iPhone.Build.0 = Debug|iPhone
		{EED262EC-794A-4C71-9393-4428CCA75048}.Debug|Any CPU.ActiveCfg = Debug|Any CPU
		{EED262EC-794A-4C71-9393-4428CCA75048}.Debug|Any CPU.Build.0 = Debug|Any CPU
		{EED262EC-794A-4C71-9393-4428CCA75048}.Release|Any CPU.ActiveCfg = Release|Any CPU
		{EED262EC-794A-4C71-9393-4428CCA75048}.Release|Any CPU.Build.0 = Release|Any CPU
		{EED262EC-794A-4C71-9393-4428CCA75048}.Debug|iPhoneSimulator.ActiveCfg = Debug|Any CPU
		{EED262EC-794A-4C71-9393-4428CCA75048}.Debug|iPhoneSimulator.Build.0 = Debug|Any CPU
		{EED262EC-794A-4C71-9393-4428CCA75048}.Release|iPhone.ActiveCfg = Release|Any CPU
		{EED262EC-794A-4C71-9393-4428CCA75048}.Release|iPhone.Build.0 = Release|Any CPU
		{EED262EC-794A-4C71-9393-4428CCA75048}.Release|iPhoneSimulator.ActiveCfg = Release|Any CPU
		{EED262EC-794A-4C71-9393-4428CCA75048}.Release|iPhoneSimulator.Build.0 = Release|Any CPU
		{EED262EC-794A-4C71-9393-4428CCA75048}.Debug|iPhone.ActiveCfg = Debug|Any CPU
		{EED262EC-794A-4C71-9393-4428CCA75048}.Debug|iPhone.Build.0 = Debug|Any CPU
	EndGlobalSection
EndGlobal
